
Microsoft Visual Studio Solution File, Format Version 12.00
Project("{FAE04EC0-301F-11D3-BF4B-00C04F79EFBC}") = "DUM.Application", "DUM.Application\DUM.Application.csproj", "{F1AE9705-CBA8-4805-B403-A33369D4CE47}"
EndProject
Project("{FAE04EC0-301F-11D3-BF4B-00C04F79EFBC}") = "DUM.Domain", "DUM.Domain\DUM.Domain.csproj", "{516D2EF5-9BAA-4E43-8121-76FD7D1D6A79}"
EndProject
Project("{FAE04EC0-301F-11D3-BF4B-00C04F79EFBC}") = "DUM.Infra.Data", "DUM.Infra.Data\DUM.Infra.Data.csproj", "{F2089886-C6C9-4BFD-9B9D-93D38A5CCDA6}"
EndProject
Project("{FAE04EC0-301F-11D3-BF4B-00C04F79EFBC}") = "DUM.Infra.IoC", "DUM.Infra.IoC\DUM.Infra.IoC.csproj", "{E565226D-90F6-4D17-A2A1-44266135F832}"
EndProject
Project("{FAE04EC0-301F-11D3-BF4B-00C04F79EFBC}") = "DUM.Api", "DUM.Api\DUM.Api.csproj", "{D2F0CCC3-CB74-43BE-B410-01E3477E9942}"
EndProject
Global
	GlobalSection(SolutionConfigurationPlatforms) = preSolution
		Debug|Any CPU = Debug|Any CPU
		Release|Any CPU = Release|Any CPU
	EndGlobalSection
	GlobalSection(ProjectConfigurationPlatforms) = postSolution
		{F1AE9705-CBA8-4805-B403-A33369D4CE47}.Debug|Any CPU.ActiveCfg = Debug|Any CPU
		{F1AE9705-CBA8-4805-B403-A33369D4CE47}.Debug|Any CPU.Build.0 = Debug|Any CPU
		{F1AE9705-CBA8-4805-B403-A33369D4CE47}.Release|Any CPU.ActiveCfg = Release|Any CPU
		{F1AE9705-CBA8-4805-B403-A33369D4CE47}.Release|Any CPU.Build.0 = Release|Any CPU
		{516D2EF5-9BAA-4E43-8121-76FD7D1D6A79}.Debug|Any CPU.ActiveCfg = Debug|Any CPU
		{516D2EF5-9BAA-4E43-8121-76FD7D1D6A79}.Debug|Any CPU.Build.0 = Debug|Any CPU
		{516D2EF5-9BAA-4E43-8121-76FD7D1D6A79}.Release|Any CPU.ActiveCfg = Release|Any CPU
		{516D2EF5-9BAA-4E43-8121-76FD7D1D6A79}.Release|Any CPU.Build.0 = Release|Any CPU
		{F2089886-C6C9-4BFD-9B9D-93D38A5CCDA6}.Debug|Any CPU.ActiveCfg = Debug|Any CPU
		{F2089886-C6C9-4BFD-9B9D-93D38A5CCDA6}.Debug|Any CPU.Build.0 = Debug|Any CPU
		{F2089886-C6C9-4BFD-9B9D-93D38A5CCDA6}.Release|Any CPU.ActiveCfg = Release|Any CPU
		{F2089886-C6C9-4BFD-9B9D-93D38A5CCDA6}.Release|Any CPU.Build.0 = Release|Any CPU
		{E565226D-90F6-4D17-A2A1-44266135F832}.Debug|Any CPU.ActiveCfg = Debug|Any CPU
		{E565226D-90F6-4D17-A2A1-44266135F832}.Debug|Any CPU.Build.0 = Debug|Any CPU
		{E565226D-90F6-4D17-A2A1-44266135F832}.Release|Any CPU.ActiveCfg = Release|Any CPU
		{E565226D-90F6-4D17-A2A1-44266135F832}.Release|Any CPU.Build.0 = Release|Any CPU
		{D2F0CCC3-CB74-43BE-B410-01E3477E9942}.Debug|Any CPU.ActiveCfg = Debug|Any CPU
		{D2F0CCC3-CB74-43BE-B410-01E3477E9942}.Debug|Any CPU.Build.0 = Debug|Any CPU
		{D2F0CCC3-CB74-43BE-B410-01E3477E9942}.Release|Any CPU.ActiveCfg = Release|Any CPU
		{D2F0CCC3-CB74-43BE-B410-01E3477E9942}.Release|Any CPU.Build.0 = Release|Any CPU
	EndGlobalSection
EndGlobal
